{
  "requires": true,
  "lockfileVersion": 1,
  "dependencies": {
    "@splidejs/splide": {
      "version": "2.4.14",
      "resolved": "https://registry.npmjs.org/@splidejs/splide/-/splide-2.4.14.tgz",
      "integrity": "sha512-TSw8lH0iuWYbcRbOx2J9CMXmKIjbQMBTMkIufUdDqV2q4/7cgcOwy0EkCfKst72SN1jnsj/LurGoOPFocUTq4Q=="
    }
  }
}
